
Microsoft Visual Studio Solution File, Format Version 12.00
# Visual Studio Version 16
VisualStudioVersion = 16.0.30611.23
MinimumVisualStudioVersion = 10.0.40219.1
Project("{9A19103F-16F7-4668-BE54-9A1E7A4F7556}") = "SimpleNetwork", "SimpleNetwork\SimpleNetwork.csproj", "{ED8097CB-800C-4772-A9FD-56C056357BB7}"
EndProject
Project("{9A19103F-16F7-4668-BE54-9A1E7A4F7556}") = "NetworkingTest", "NetworkingTest\NetworkingTest.csproj", "{085829F9-0EAD-4904-821C-AD3F4B28DDE6}"
EndProject
Project("{9A19103F-16F7-4668-BE54-9A1E7A4F7556}") = "NetworkTester", "NetworkTester\NetworkTester.csproj", "{D79B8685-1679-420B-B7AB-EBB07CF68076}"
EndProject
Project("{FAE04EC0-301F-11D3-BF4B-00C04F79EFBC}") = "FormsTest", "FormsTest\FormsTest.csproj", "{199CDE26-8AE2-4A7F-B157-C497DB485634}"
EndProject
Global
	GlobalSection(SolutionConfigurationPlatforms) = preSolution
		Debug|Any CPU = Debug|Any CPU
		Release|Any CPU = Release|Any CPU
	EndGlobalSection
	GlobalSection(ProjectConfigurationPlatforms) = postSolution
		{ED8097CB-800C-4772-A9FD-56C056357BB7}.Debug|Any CPU.ActiveCfg = Debug|Any CPU
		{ED8097CB-800C-4772-A9FD-56C056357BB7}.Debug|Any CPU.Build.0 = Debug|Any CPU
		{ED8097CB-800C-4772-A9FD-56C056357BB7}.Release|Any CPU.ActiveCfg = Release|Any CPU
		{ED8097CB-800C-4772-A9FD-56C056357BB7}.Release|Any CPU.Build.0 = Release|Any CPU
		{085829F9-0EAD-4904-821C-AD3F4B28DDE6}.Debug|Any CPU.ActiveCfg = Debug|Any CPU
		{085829F9-0EAD-4904-821C-AD3F4B28DDE6}.Debug|Any CPU.Build.0 = Debug|Any CPU
		{085829F9-0EAD-4904-821C-AD3F4B28DDE6}.Release|Any CPU.ActiveCfg = Release|Any CPU
		{085829F9-0EAD-4904-821C-AD3F4B28DDE6}.Release|Any CPU.Build.0 = Release|Any CPU
		{D79B8685-1679-420B-B7AB-EBB07CF68076}.Debug|Any CPU.ActiveCfg = Debug|Any CPU
		{D79B8685-1679-420B-B7AB-EBB07CF68076}.Debug|Any CPU.Build.0 = Debug|Any CPU
		{D79B8685-1679-420B-B7AB-EBB07CF68076}.Release|Any CPU.ActiveCfg = Release|Any CPU
		{D79B8685-1679-420B-B7AB-EBB07CF68076}.Release|Any CPU.Build.0 = Release|Any CPU
		{199CDE26-8AE2-4A7F-B157-C497DB485634}.Debug|Any CPU.ActiveCfg = Debug|Any CPU
		{199CDE26-8AE2-4A7F-B157-C497DB485634}.Debug|Any CPU.Build.0 = Debug|Any CPU
		{199CDE26-8AE2-4A7F-B157-C497DB485634}.Release|Any CPU.ActiveCfg = Release|Any CPU
		{199CDE26-8AE2-4A7F-B157-C497DB485634}.Release|Any CPU.Build.0 = Release|Any CPU
	EndGlobalSection
	GlobalSection(SolutionProperties) = preSolution
		HideSolutionNode = FALSE
	EndGlobalSection
	GlobalSection(ExtensibilityGlobals) = postSolution
		SolutionGuid = {089B9B26-DBDD-48C7-9B4D-F33DBF97F0E4}
	EndGlobalSection
EndGlobal
